
Microsoft Visual Studio Solution File, Format Version 12.00
# Visual Studio Version 17
VisualStudioVersion = 17.0.31903.59
MinimumVisualStudioVersion = 10.0.40219.1
Project("{FAE04EC0-301F-11D3-BF4B-00C04F79EFBC}") = "KichkinaConsoleApp", "KichkinaConsoleApp\KichkinaConsoleApp.csproj", "{6C075599-6AD2-4F13-862E-6AA03A0A220E}"
EndProject
Global
	GlobalSection(SolutionConfigurationPlatforms) = preSolution
		Debug|Any CPU = Debug|Any CPU
		Release|Any CPU = Release|Any CPU
	EndGlobalSection
	GlobalSection(SolutionProperties) = preSolution
		HideSolutionNode = FALSE
	EndGlobalSection
	GlobalSection(ProjectConfigurationPlatforms) = postSolution
		{6C075599-6AD2-4F13-862E-6AA03A0A220E}.Debug|Any CPU.ActiveCfg = Debug|Any CPU
		{6C075599-6AD2-4F13-862E-6AA03A0A220E}.Debug|Any CPU.Build.0 = Debug|Any CPU
		{6C075599-6AD2-4F13-862E-6AA03A0A220E}.Release|Any CPU.ActiveCfg = Release|Any CPU
		{6C075599-6AD2-4F13-862E-6AA03A0A220E}.Release|Any CPU.Build.0 = Release|Any CPU
	EndGlobalSection
EndGlobal
